
Microsoft Visual Studio Solution File, Format Version 12.00
# Visual Studio 15
VisualStudioVersion = 15.0.28010.2026
MinimumVisualStudioVersion = 10.0.40219.1
Project("{9A19103F-16F7-4668-BE54-9A1E7A4F7556}") = "FunctionAppEventHub", "FunctionAppEventHub\FunctionAppEventHub.csproj", "{6E24B9FE-435C-4510-BBE2-073609739BF8}"
EndProject
Project("{FAE04EC0-301F-11D3-BF4B-00C04F79EFBC}") = "ConsoleEventPush", "ConsoleEventPush\ConsoleEventPush.csproj", "{1024ABDF-6D0A-41C2-93FC-02B588932A09}"
EndProject
Project("{FAE04EC0-301F-11D3-BF4B-00C04F79EFBC}") = "ConsoleEventRead", "ConsoleEventRead\ConsoleEventRead.csproj", "{BF7F0EDC-4691-4C42-8D5C-1CEF62F13FD5}"
EndProject
Global
	GlobalSection(SolutionConfigurationPlatforms) = preSolution
		Debug|Any CPU = Debug|Any CPU
		Release|Any CPU = Release|Any CPU
	EndGlobalSection
	GlobalSection(ProjectConfigurationPlatforms) = postSolution
		{6E24B9FE-435C-4510-BBE2-073609739BF8}.Debug|Any CPU.ActiveCfg = Debug|Any CPU
		{6E24B9FE-435C-4510-BBE2-073609739BF8}.Debug|Any CPU.Build.0 = Debug|Any CPU
		{6E24B9FE-435C-4510-BBE2-073609739BF8}.Release|Any CPU.ActiveCfg = Release|Any CPU
		{6E24B9FE-435C-4510-BBE2-073609739BF8}.Release|Any CPU.Build.0 = Release|Any CPU
		{1024ABDF-6D0A-41C2-93FC-02B588932A09}.Debug|Any CPU.ActiveCfg = Debug|Any CPU
		{1024ABDF-6D0A-41C2-93FC-02B588932A09}.Debug|Any CPU.Build.0 = Debug|Any CPU
		{1024ABDF-6D0A-41C2-93FC-02B588932A09}.Release|Any CPU.ActiveCfg = Release|Any CPU
		{1024ABDF-6D0A-41C2-93FC-02B588932A09}.Release|Any CPU.Build.0 = Release|Any CPU
		{BF7F0EDC-4691-4C42-8D5C-1CEF62F13FD5}.Debug|Any CPU.ActiveCfg = Debug|Any CPU
		{BF7F0EDC-4691-4C42-8D5C-1CEF62F13FD5}.Debug|Any CPU.Build.0 = Debug|Any CPU
		{BF7F0EDC-4691-4C42-8D5C-1CEF62F13FD5}.Release|Any CPU.ActiveCfg = Release|Any CPU
		{BF7F0EDC-4691-4C42-8D5C-1CEF62F13FD5}.Release|Any CPU.Build.0 = Release|Any CPU
	EndGlobalSection
	GlobalSection(SolutionProperties) = preSolution
		HideSolutionNode = FALSE
	EndGlobalSection
	GlobalSection(ExtensibilityGlobals) = postSolution
		SolutionGuid = {60D1601C-F946-42E7-BF16-8BEB5977E106}
	EndGlobalSection
EndGlobal
