
Microsoft Visual Studio Solution File, Format Version 12.00
# Visual Studio 15
VisualStudioVersion = 15.0.28010.2026
MinimumVisualStudioVersion = 10.0.40219.1
Project("{FAE04EC0-301F-11D3-BF4B-00C04F79EFBC}") = "FunctionAppTimer", "FunctionAppTimer\FunctionAppTimer.csproj", "{E9C56715-71FE-4166-9F08-BD9A48902BC6}"
EndProject
Global
	GlobalSection(SolutionConfigurationPlatforms) = preSolution
		Debug|Any CPU = Debug|Any CPU
		Release|Any CPU = Release|Any CPU
	EndGlobalSection
	GlobalSection(ProjectConfigurationPlatforms) = postSolution
		{E9C56715-71FE-4166-9F08-BD9A48902BC6}.Debug|Any CPU.ActiveCfg = Debug|Any CPU
		{E9C56715-71FE-4166-9F08-BD9A48902BC6}.Debug|Any CPU.Build.0 = Debug|Any CPU
		{E9C56715-71FE-4166-9F08-BD9A48902BC6}.Release|Any CPU.ActiveCfg = Release|Any CPU
		{E9C56715-71FE-4166-9F08-BD9A48902BC6}.Release|Any CPU.Build.0 = Release|Any CPU
	EndGlobalSection
	GlobalSection(SolutionProperties) = preSolution
		HideSolutionNode = FALSE
	EndGlobalSection
	GlobalSection(ExtensibilityGlobals) = postSolution
		SolutionGuid = {05BAAC9D-C8C6-411A-BD38-06E81F047685}
	EndGlobalSection
EndGlobal
