
Microsoft Visual Studio Solution File, Format Version 12.00
# Visual Studio 15
VisualStudioVersion = 15.0.28010.2026
MinimumVisualStudioVersion = 10.0.40219.1
Project("{9A19103F-16F7-4668-BE54-9A1E7A4F7556}") = "sample-azfunc-adv-eventgrid", "sample-azfunc-adv-eventgrid.csproj", "{84C97A3A-299F-4DA0-AD92-D6AFD5AD9A64}"
EndProject
Global
	GlobalSection(SolutionConfigurationPlatforms) = preSolution
		Debug|Any CPU = Debug|Any CPU
		Release|Any CPU = Release|Any CPU
	EndGlobalSection
	GlobalSection(ProjectConfigurationPlatforms) = postSolution
		{84C97A3A-299F-4DA0-AD92-D6AFD5AD9A64}.Debug|Any CPU.ActiveCfg = Debug|Any CPU
		{84C97A3A-299F-4DA0-AD92-D6AFD5AD9A64}.Debug|Any CPU.Build.0 = Debug|Any CPU
		{84C97A3A-299F-4DA0-AD92-D6AFD5AD9A64}.Release|Any CPU.ActiveCfg = Release|Any CPU
		{84C97A3A-299F-4DA0-AD92-D6AFD5AD9A64}.Release|Any CPU.Build.0 = Release|Any CPU
	EndGlobalSection
	GlobalSection(SolutionProperties) = preSolution
		HideSolutionNode = FALSE
	EndGlobalSection
	GlobalSection(ExtensibilityGlobals) = postSolution
		SolutionGuid = {3A6CCF87-875D-490B-82D8-2F23B87E4EB3}
	EndGlobalSection
EndGlobal
